// !$*UTF8*$!
{
	archiveVersion = 1;
	classes = {
	};
	objectVersion = 46;
	objects = {

/* Begin PBXAggregateTarget section */
		BF45CEA719D26BEA001115C6 /* UniversalLib */ = {
			isa = PBXAggregateTarget;
			buildConfigurationList = BF45CEA819D26BEA001115C6 /* Build configuration list for PBXAggregateTarget "UniversalLib" */;
			buildPhases = (
				BF45CEAB19D26C2A001115C6 /* Run Script */,
			);
			dependencies = (
			);
			name = UniversalLib;
			productName = UniversalLib;
		};
/* End PBXAggregateTarget section */

/* Begin PBXBuildFile section */
		B16CA26C171EAC81004B2AE5 /* logging_mosq.c in Sources */ = {isa = PBXBuildFile; fileRef = B16CA254171EAC81004B2AE5 /* logging_mosq.c */; };
		B16CA26D171EAC81004B2AE5 /* memory_mosq.c in Sources */ = {isa = PBXBuildFile; fileRef = B16CA256171EAC81004B2AE5 /* memory_mosq.c */; };
		B16CA26E171EAC81004B2AE5 /* messages_mosq.c in Sources */ = {isa = PBXBuildFile; fileRef = B16CA258171EAC81004B2AE5 /* messages_mosq.c */; };
		B16CA26F171EAC81004B2AE5 /* mosquitto.c in Sources */ = {isa = PBXBuildFile; fileRef = B16CA25B171EAC81004B2AE5 /* mosquitto.c */; };
		B16CA270171EAC81004B2AE5 /* net_mosq.c in Sources */ = {isa = PBXBuildFile; fileRef = B16CA25E171EAC81004B2AE5 /* net_mosq.c */; };
		B16CA271171EAC81004B2AE5 /* read_handle_client.c in Sources */ = {isa = PBXBuildFile; fileRef = B16CA260171EAC81004B2AE5 /* read_handle_client.c */; };
		B16CA272171EAC81004B2AE5 /* read_handle_shared.c in Sources */ = {isa = PBXBuildFile; fileRef = B16CA261171EAC81004B2AE5 /* read_handle_shared.c */; };
		B16CA273171EAC81004B2AE5 /* read_handle.c in Sources */ = {isa = PBXBuildFile; fileRef = B16CA262171EAC81004B2AE5 /* read_handle.c */; };
		B16CA274171EAC81004B2AE5 /* send_client_mosq.c in Sources */ = {isa = PBXBuildFile; fileRef = B16CA264171EAC81004B2AE5 /* send_client_mosq.c */; };
		B16CA275171EAC81004B2AE5 /* send_mosq.c in Sources */ = {isa = PBXBuildFile; fileRef = B16CA265171EAC81004B2AE5 /* send_mosq.c */; };
		B16CA276171EAC81004B2AE5 /* thread_mosq.c in Sources */ = {isa = PBXBuildFile; fileRef = B16CA267171EAC81004B2AE5 /* thread_mosq.c */; };
		B16CA277171EAC81004B2AE5 /* util_mosq.c in Sources */ = {isa = PBXBuildFile; fileRef = B16CA268171EAC81004B2AE5 /* util_mosq.c */; };
		B16CA278171EAC81004B2AE5 /* will_mosq.c in Sources */ = {isa = PBXBuildFile; fileRef = B16CA26A171EAC81004B2AE5 /* will_mosq.c */; };
/* End PBXBuildFile section */

/* Begin PBXCopyFilesBuildPhase section */
		B16CA218171EAA8F004B2AE5 /* CopyFiles */ = {
			isa = PBXCopyFilesBuildPhase;
			buildActionMask = 2147483647;
			dstPath = "include/${PRODUCT_NAME}";
			dstSubfolderSpec = 16;
			files = (
			);
			runOnlyForDeploymentPostprocessing = 0;
		};
/* End PBXCopyFilesBuildPhase section */

/* Begin PBXFileReference section */
		B16CA21A171EAA8F004B2AE5 /* libmosquitto.a */ = {isa = PBXFileReference; explicitFileType = archive.ar; includeInIndex = 0; path = libmosquitto.a; sourceTree = BUILT_PRODUCTS_DIR; };
		B16CA252171EAC81004B2AE5 /* config.h */ = {isa = PBXFileReference; fileEncoding = 4; lastKnownFileType = sourcecode.c.h; name = config.h; path = lib/config.h; sourceTree = SOURCE_ROOT; };
		B16CA253171EAC81004B2AE5 /* dummypthread.h */ = {isa = PBXFileReference; fileEncoding = 4; lastKnownFileType = sourcecode.c.h; name = dummypthread.h; path = lib/dummypthread.h; sourceTree = SOURCE_ROOT; };
		B16CA254171EAC81004B2AE5 /* logging_mosq.c */ = {isa = PBXFileReference; fileEncoding = 4; lastKnownFileType = sourcecode.c.c; name = logging_mosq.c; path = lib/logging_mosq.c; sourceTree = SOURCE_ROOT; };
		B16CA255171EAC81004B2AE5 /* logging_mosq.h */ = {isa = PBXFileReference; fileEncoding = 4; lastKnownFileType = sourcecode.c.h; name = logging_mosq.h; path = lib/logging_mosq.h; sourceTree = SOURCE_ROOT; };
		B16CA256171EAC81004B2AE5 /* memory_mosq.c */ = {isa = PBXFileReference; fileEncoding = 4; lastKnownFileType = sourcecode.c.c; name = memory_mosq.c; path = lib/memory_mosq.c; sourceTree = SOURCE_ROOT; };
		B16CA257171EAC81004B2AE5 /* memory_mosq.h */ = {isa = PBXFileReference; fileEncoding = 4; lastKnownFileType = sourcecode.c.h; name = memory_mosq.h; path = lib/memory_mosq.h; sourceTree = SOURCE_ROOT; };
		B16CA258171EAC81004B2AE5 /* messages_mosq.c */ = {isa = PBXFileReference; fileEncoding = 4; lastKnownFileType = sourcecode.c.c; name = messages_mosq.c; path = lib/messages_mosq.c; sourceTree = SOURCE_ROOT; };
		B16CA259171EAC81004B2AE5 /* messages_mosq.h */ = {isa = PBXFileReference; fileEncoding = 4; lastKnownFileType = sourcecode.c.h; name = messages_mosq.h; path = lib/messages_mosq.h; sourceTree = SOURCE_ROOT; };
		B16CA25A171EAC81004B2AE5 /* mosquitto_internal.h */ = {isa = PBXFileReference; fileEncoding = 4; lastKnownFileType = sourcecode.c.h; name = mosquitto_internal.h; path = lib/mosquitto_internal.h; sourceTree = SOURCE_ROOT; };
		B16CA25B171EAC81004B2AE5 /* mosquitto.c */ = {isa = PBXFileReference; fileEncoding = 4; lastKnownFileType = sourcecode.c.c; name = mosquitto.c; path = lib/mosquitto.c; sourceTree = SOURCE_ROOT; };
		B16CA25C171EAC81004B2AE5 /* mosquitto.h */ = {isa = PBXFileReference; fileEncoding = 4; lastKnownFileType = sourcecode.c.h; name = mosquitto.h; path = lib/mosquitto.h; sourceTree = SOURCE_ROOT; };
		B16CA25D171EAC81004B2AE5 /* mqtt3_protocol.h */ = {isa = PBXFileReference; fileEncoding = 4; lastKnownFileType = sourcecode.c.h; name = mqtt3_protocol.h; path = lib/mqtt3_protocol.h; sourceTree = SOURCE_ROOT; };
		B16CA25E171EAC81004B2AE5 /* net_mosq.c */ = {isa = PBXFileReference; fileEncoding = 4; lastKnownFileType = sourcecode.c.c; name = net_mosq.c; path = lib/net_mosq.c; sourceTree = SOURCE_ROOT; };
		B16CA25F171EAC81004B2AE5 /* net_mosq.h */ = {isa = PBXFileReference; fileEncoding = 4; lastKnownFileType = sourcecode.c.h; name = net_mosq.h; path = lib/net_mosq.h; sourceTree = SOURCE_ROOT; };
		B16CA260171EAC81004B2AE5 /* read_handle_client.c */ = {isa = PBXFileReference; fileEncoding = 4; lastKnownFileType = sourcecode.c.c; name = read_handle_client.c; path = lib/read_handle_client.c; sourceTree = SOURCE_ROOT; };
		B16CA261171EAC81004B2AE5 /* read_handle_shared.c */ = {isa = PBXFileReference; fileEncoding = 4; lastKnownFileType = sourcecode.c.c; name = read_handle_shared.c; path = lib/read_handle_shared.c; sourceTree = SOURCE_ROOT; };
		B16CA262171EAC81004B2AE5 /* read_handle.c */ = {isa = PBXFileReference; fileEncoding = 4; lastKnownFileType = sourcecode.c.c; name = read_handle.c; path = lib/read_handle.c; sourceTree = SOURCE_ROOT; };
		B16CA263171EAC81004B2AE5 /* read_handle.h */ = {isa = PBXFileReference; fileEncoding = 4; lastKnownFileType = sourcecode.c.h; name = read_handle.h; path = lib/read_handle.h; sourceTree = SOURCE_ROOT; };
		B16CA264171EAC81004B2AE5 /* send_client_mosq.c */ = {isa = PBXFileReference; fileEncoding = 4; lastKnownFileType = sourcecode.c.c; name = send_client_mosq.c; path = lib/send_client_mosq.c; sourceTree = SOURCE_ROOT; };
		B16CA265171EAC81004B2AE5 /* send_mosq.c */ = {isa = PBXFileReference; fileEncoding = 4; lastKnownFileType = sourcecode.c.c; name = send_mosq.c; path = lib/send_mosq.c; sourceTree = SOURCE_ROOT; };
		B16CA266171EAC81004B2AE5 /* send_mosq.h */ = {isa = PBXFileReference; fileEncoding = 4; lastKnownFileType = sourcecode.c.h; name = send_mosq.h; path = lib/send_mosq.h; sourceTree = SOURCE_ROOT; };
		B16CA267171EAC81004B2AE5 /* thread_mosq.c */ = {isa = PBXFileReference; fileEncoding = 4; lastKnownFileType = sourcecode.c.c; name = thread_mosq.c; path = lib/thread_mosq.c; sourceTree = SOURCE_ROOT; };
		B16CA268171EAC81004B2AE5 /* util_mosq.c */ = {isa = PBXFileReference; fileEncoding = 4; lastKnownFileType = sourcecode.c.c; name = util_mosq.c; path = lib/util_mosq.c; sourceTree = SOURCE_ROOT; };
		B16CA269171EAC81004B2AE5 /* util_mosq.h */ = {isa = PBXFileReference; fileEncoding = 4; lastKnownFileType = sourcecode.c.h; name = util_mosq.h; path = lib/util_mosq.h; sourceTree = SOURCE_ROOT; };
		B16CA26A171EAC81004B2AE5 /* will_mosq.c */ = {isa = PBXFileReference; fileEncoding = 4; lastKnownFileType = sourcecode.c.c; name = will_mosq.c; path = lib/will_mosq.c; sourceTree = SOURCE_ROOT; };
		B16CA26B171EAC81004B2AE5 /* will_mosq.h */ = {isa = PBXFileReference; fileEncoding = 4; lastKnownFileType = sourcecode.c.h; name = will_mosq.h; path = lib/will_mosq.h; sourceTree = SOURCE_ROOT; };
/* End PBXFileReference section */

/* Begin PBXFrameworksBuildPhase section */
		B16CA217171EAA8F004B2AE5 /* Frameworks */ = {
			isa = PBXFrameworksBuildPhase;
			buildActionMask = 2147483647;
			files = (
			);
			runOnlyForDeploymentPostprocessing = 0;
		};
/* End PBXFrameworksBuildPhase section */

/* Begin PBXGroup section */
		B16CA211171EAA8E004B2AE5 = {
			isa = PBXGroup;
			children = (
				B16CA21F171EAA8F004B2AE5 /* libmosquitto */,
				B16CA21B171EAA8F004B2AE5 /* Products */,
			);
			sourceTree = "<group>";
		};
		B16CA21B171EAA8F004B2AE5 /* Products */ = {
			isa = PBXGroup;
			children = (
				B16CA21A171EAA8F004B2AE5 /* libmosquitto.a */,
			);
			name = Products;
			sourceTree = "<group>";
		};
		B16CA21F171EAA8F004B2AE5 /* libmosquitto */ = {
			isa = PBXGroup;
			children = (
				B16CA252171EAC81004B2AE5 /* config.h */,
				B16CA253171EAC81004B2AE5 /* dummypthread.h */,
				B16CA254171EAC81004B2AE5 /* logging_mosq.c */,
				B16CA255171EAC81004B2AE5 /* logging_mosq.h */,
				B16CA256171EAC81004B2AE5 /* memory_mosq.c */,
				B16CA257171EAC81004B2AE5 /* memory_mosq.h */,
				B16CA258171EAC81004B2AE5 /* messages_mosq.c */,
				B16CA259171EAC81004B2AE5 /* messages_mosq.h */,
				B16CA25A171EAC81004B2AE5 /* mosquitto_internal.h */,
				B16CA25B171EAC81004B2AE5 /* mosquitto.c */,
				B16CA25C171EAC81004B2AE5 /* mosquitto.h */,
				B16CA25D171EAC81004B2AE5 /* mqtt3_protocol.h */,
				B16CA25E171EAC81004B2AE5 /* net_mosq.c */,
				B16CA25F171EAC81004B2AE5 /* net_mosq.h */,
				B16CA260171EAC81004B2AE5 /* read_handle_client.c */,
				B16CA261171EAC81004B2AE5 /* read_handle_shared.c */,
				B16CA262171EAC81004B2AE5 /* read_handle.c */,
				B16CA263171EAC81004B2AE5 /* read_handle.h */,
				B16CA264171EAC81004B2AE5 /* send_client_mosq.c */,
				B16CA265171EAC81004B2AE5 /* send_mosq.c */,
				B16CA266171EAC81004B2AE5 /* send_mosq.h */,
				B16CA267171EAC81004B2AE5 /* thread_mosq.c */,
				B16CA268171EAC81004B2AE5 /* util_mosq.c */,
				B16CA269171EAC81004B2AE5 /* util_mosq.h */,
				B16CA26A171EAC81004B2AE5 /* will_mosq.c */,
				B16CA26B171EAC81004B2AE5 /* will_mosq.h */,
			);
			path = libmosquitto;
			sourceTree = "<group>";
		};
/* End PBXGroup section */

/* Begin PBXNativeTarget section */
		B16CA219171EAA8F004B2AE5 /* libmosquitto */ = {
			isa = PBXNativeTarget;
			buildConfigurationList = B16CA228171EAA8F004B2AE5 /* Build configuration list for PBXNativeTarget "libmosquitto" */;
			buildPhases = (
				B16CA216171EAA8F004B2AE5 /* Sources */,
				B16CA217171EAA8F004B2AE5 /* Frameworks */,
				B16CA218171EAA8F004B2AE5 /* CopyFiles */,
			);
			buildRules = (
			);
			dependencies = (
			);
			name = libmosquitto;
			productName = libmosquitto;
			productReference = B16CA21A171EAA8F004B2AE5 /* libmosquitto.a */;
			productType = "com.apple.product-type.library.static";
		};
/* End PBXNativeTarget section */

/* Begin PBXProject section */
		B16CA212171EAA8E004B2AE5 /* Project object */ = {
			isa = PBXProject;
			attributes = {
				LastUpgradeCheck = 0460;
				ORGANIZATIONNAME = "Albin Stigo";
				TargetAttributes = {
					BF45CEA719D26BEA001115C6 = {
						CreatedOnToolsVersion = 6.0.1;
					};
				};
			};
			buildConfigurationList = B16CA215171EAA8E004B2AE5 /* Build configuration list for PBXProject "libmosquitto" */;
			compatibilityVersion = "Xcode 3.2";
			developmentRegion = English;
			hasScannedForEncodings = 0;
			knownRegions = (
				en,
			);
			mainGroup = B16CA211171EAA8E004B2AE5;
			productRefGroup = B16CA21B171EAA8F004B2AE5 /* Products */;
			projectDirPath = "";
			projectRoot = "";
			targets = (
				B16CA219171EAA8F004B2AE5 /* libmosquitto */,
				BF45CEA719D26BEA001115C6 /* UniversalLib */,
			);
		};
/* End PBXProject section */

/* Begin PBXShellScriptBuildPhase section */
		BF45CEAB19D26C2A001115C6 /* Run Script */ = {
			isa = PBXShellScriptBuildPhase;
			buildActionMask = 2147483647;
			files = (
			);
			inputPaths = (
			);
			name = "Run Script";
			outputPaths = (
			);
			runOnlyForDeploymentPostprocessing = 0;
			shellPath = /bin/sh;
			shellScript = "# define output folder environment variable\nCURRENTPATH=`pwd`\n\nrm -rf \"${CURRENTPATH}/build-*\"\n\nmkdir -p \"${CURRENTPATH}/build-arm\"\nmkdir -p \"${CURRENTPATH}/build-arm64\"\nmkdir -p \"${CURRENTPATH}/build-i386\"\nmkdir -p \"${CURRENTPATH}/build-x86_64\"\nmkdir -p \"${CURRENTPATH}/build-universal\"\n\n# Step 1. Build Device and Simulator versions\nxcodebuild -project 'libmosquitto.xcodeproj' -configuration ${CONFIGURATION} -sdk iphoneos clean build ARCHS='armv7 armv7s' IPHONEOS_DEPLOYMENT_TARGET='5.0' TARGET_BUILD_DIR='./build-arm' BUILT_PRODUCTS_DIR='./build-arm'\nxcodebuild -project 'libmosquitto.xcodeproj' -configuration ${CONFIGURATION} -sdk iphoneos clean build ARCHS='arm64' IPHONEOS_DEPLOYMENT_TARGET='7.0' TARGET_BUILD_DIR='./build-arm64' BUILT_PRODUCTS_DIR='./build-arm64'\nxcodebuild -project 'libmosquitto.xcodeproj' -configuration ${CONFIGURATION} -sdk iphonesimulator clean build ARCHS='i386' IPHONEOS_DEPLOYMENT_TARGET='5.0' TARGET_BUILD_DIR='./build-i386' BUILT_PRODUCTS_DIR='./build-i386'\nxcodebuild -project 'libmosquitto.xcodeproj' -configuration ${CONFIGURATION} -sdk iphonesimulator clean build ARCHS='x86_64' VALID_ARCHS='x86_64' IPHONEOS_DEPLOYMENT_TARGET='7.0' TARGET_BUILD_DIR='./build-x86_64' BUILT_PRODUCTS_DIR='./build-x86_64'\n\n# Step 2. Create universal binary file using lipo\nlipo -create './build-arm/libmosquitto.a' './build-arm64/libmosquitto.a' './build-i386/libmosquitto.a' './build-x86_64/libmosquitto.a' -output './build-universal/libmosquitto.a'\n";
		};
/* End PBXShellScriptBuildPhase section */

/* Begin PBXSourcesBuildPhase section */
		B16CA216171EAA8F004B2AE5 /* Sources */ = {
			isa = PBXSourcesBuildPhase;
			buildActionMask = 2147483647;
			files = (
				B16CA26C171EAC81004B2AE5 /* logging_mosq.c in Sources */,
				B16CA26D171EAC81004B2AE5 /* memory_mosq.c in Sources */,
				B16CA26E171EAC81004B2AE5 /* messages_mosq.c in Sources */,
				B16CA26F171EAC81004B2AE5 /* mosquitto.c in Sources */,
				B16CA270171EAC81004B2AE5 /* net_mosq.c in Sources */,
				B16CA271171EAC81004B2AE5 /* read_handle_client.c in Sources */,
				B16CA272171EAC81004B2AE5 /* read_handle_shared.c in Sources */,
				B16CA273171EAC81004B2AE5 /* read_handle.c in Sources */,
				B16CA274171EAC81004B2AE5 /* send_client_mosq.c in Sources */,
				B16CA275171EAC81004B2AE5 /* send_mosq.c in Sources */,
				B16CA276171EAC81004B2AE5 /* thread_mosq.c in Sources */,
				B16CA277171EAC81004B2AE5 /* util_mosq.c in Sources */,
				B16CA278171EAC81004B2AE5 /* will_mosq.c in Sources */,
			);
			runOnlyForDeploymentPostprocessing = 0;
		};
/* End PBXSourcesBuildPhase section */

/* Begin XCBuildConfiguration section */
		B16CA226171EAA8F004B2AE5 /* Debug */ = {
			isa = XCBuildConfiguration;
			buildSettings = {
				ALWAYS_SEARCH_USER_PATHS = NO;
				CLANG_CXX_LANGUAGE_STANDARD = "gnu++0x";
				CLANG_CXX_LIBRARY = "libc++";
				CLANG_WARN_CONSTANT_CONVERSION = YES;
				CLANG_WARN_EMPTY_BODY = YES;
				CLANG_WARN_ENUM_CONVERSION = YES;
				CLANG_WARN_INT_CONVERSION = YES;
				CLANG_WARN__DUPLICATE_METHOD_MATCH = YES;
				COPY_PHASE_STRIP = NO;
				GCC_C_LANGUAGE_STANDARD = gnu99;
				GCC_DYNAMIC_NO_PIC = NO;
				GCC_OPTIMIZATION_LEVEL = 0;
				GCC_PREPROCESSOR_DEFINITIONS = (
					"DEBUG=1",
					"$(inherited)",
				);
				GCC_SYMBOLS_PRIVATE_EXTERN = NO;
				GCC_WARN_ABOUT_RETURN_TYPE = YES;
				GCC_WARN_UNINITIALIZED_AUTOS = YES;
				GCC_WARN_UNUSED_VARIABLE = YES;
				HEADER_SEARCH_PATHS = "$(SRCROOT)/lib";
				IPHONEOS_DEPLOYMENT_TARGET = 6.1;
				ONLY_ACTIVE_ARCH = NO;
				SDKROOT = iphoneos;
				VALID_ARCHS = "arm64 armv7 armv7s i386";
			};
			name = Debug;
		};
		B16CA227171EAA8F004B2AE5 /* Release */ = {
			isa = XCBuildConfiguration;
			buildSettings = {
				ALWAYS_SEARCH_USER_PATHS = NO;
				CLANG_CXX_LANGUAGE_STANDARD = "gnu++0x";
				CLANG_CXX_LIBRARY = "libc++";
				CLANG_WARN_CONSTANT_CONVERSION = YES;
				CLANG_WARN_EMPTY_BODY = YES;
				CLANG_WARN_ENUM_CONVERSION = YES;
				CLANG_WARN_INT_CONVERSION = YES;
				CLANG_WARN__DUPLICATE_METHOD_MATCH = YES;
				COPY_PHASE_STRIP = YES;
				GCC_C_LANGUAGE_STANDARD = gnu99;
				GCC_WARN_ABOUT_RETURN_TYPE = YES;
				GCC_WARN_UNINITIALIZED_AUTOS = YES;
				GCC_WARN_UNUSED_VARIABLE = YES;
				HEADER_SEARCH_PATHS = "$(SRCROOT)/lib";
				IPHONEOS_DEPLOYMENT_TARGET = 6.1;
				SDKROOT = iphoneos;
				VALIDATE_PRODUCT = YES;
				VALID_ARCHS = "arm64 armv7 armv7s i386";
			};
			name = Release;
		};
		B16CA229171EAA8F004B2AE5 /* Debug */ = {
			isa = XCBuildConfiguration;
			buildSettings = {
				DSTROOT = /tmp/libmosquitto.dst;
				GCC_PRECOMPILE_PREFIX_HEADER = NO;
				GCC_PREFIX_HEADER = "";
				ONLY_ACTIVE_ARCH = NO;
				OTHER_LDFLAGS = "-ObjC";
				PRODUCT_NAME = mosquitto;
				SKIP_INSTALL = YES;
				VALID_ARCHS = "arm64 armv7 armv7s i386";
			};
			name = Debug;
		};
		B16CA22A171EAA8F004B2AE5 /* Release */ = {
			isa = XCBuildConfiguration;
			buildSettings = {
				DSTROOT = /tmp/libmosquitto.dst;
				GCC_PRECOMPILE_PREFIX_HEADER = NO;
				GCC_PREFIX_HEADER = "";
				OTHER_LDFLAGS = "-ObjC";
				PRODUCT_NAME = mosquitto;
				SKIP_INSTALL = YES;
				VALID_ARCHS = "arm64 armv7 armv7s i386";
			};
			name = Release;
		};
		BF45CEA919D26BEA001115C6 /* Debug */ = {
			isa = XCBuildConfiguration;
			buildSettings = {
				PRODUCT_NAME = "$(TARGET_NAME)";
				VALID_ARCHS = "arm64 armv7 armv7s i386";
			};
			name = Debug;
		};
		BF45CEAA19D26BEA001115C6 /* Release */ = {
			isa = XCBuildConfiguration;
			buildSettings = {
				PRODUCT_NAME = "$(TARGET_NAME)";
				VALID_ARCHS = "arm64 armv7 armv7s i386";
			};
			name = Release;
		};
/* End XCBuildConfiguration section */

/* Begin XCConfigurationList section */
		B16CA215171EAA8E004B2AE5 /* Build configuration list for PBXProject "libmosquitto" */ = {
			isa = XCConfigurationList;
			buildConfigurations = (
				B16CA226171EAA8F004B2AE5 /* Debug */,
				B16CA227171EAA8F004B2AE5 /* Release */,
			);
			defaultConfigurationIsVisible = 0;
			defaultConfigurationName = Release;
		};
		B16CA228171EAA8F004B2AE5 /* Build configuration list for PBXNativeTarget "libmosquitto" */ = {
			isa = XCConfigurationList;
			buildConfigurations = (
				B16CA229171EAA8F004B2AE5 /* Debug */,
				B16CA22A171EAA8F004B2AE5 /* Release */,
			);
			defaultConfigurationIsVisible = 0;
			defaultConfigurationName = Release;
		};
		BF45CEA819D26BEA001115C6 /* Build configuration list for PBXAggregateTarget "UniversalLib" */ = {
			isa = XCConfigurationList;
			buildConfigurations = (
				BF45CEA919D26BEA001115C6 /* Debug */,
				BF45CEAA19D26BEA001115C6 /* Release */,
			);
			defaultConfigurationIsVisible = 0;
		};
/* End XCConfigurationList section */
	};
	rootObject = B16CA212171EAA8E004B2AE5 /* Project object */;
}
